// !$*UTF8*$!
{
	archiveVersion = 1;
	classes = {
	};
	objectVersion = 56;
	objects = {

/* Begin PBXBuildFile section */
		750F962F29FA89B700598B96 /* FormView.swift in Sources */ = {isa = PBXBuildFile; fileRef = 750F962E29FA89B700598B96 /* FormView.swift */; };
		7521296829EC7E4900489E62 /* TimesView.swift in Sources */ = {isa = PBXBuildFile; fileRef = 7521296729EC7E4900489E62 /* TimesView.swift */; };
		7521296E29EC7EA400489E62 /* GrowingView.swift in Sources */ = {isa = PBXBuildFile; fileRef = 7521296D29EC7EA400489E62 /* GrowingView.swift */; };
		7521297029EC7EFB00489E62 /* SliderBuilder.swift in Sources */ = {isa = PBXBuildFile; fileRef = 7521296F29EC7EFB00489E62 /* SliderBuilder.swift */; };
		7521297229EC800300489E62 /* Modifier.swift in Sources */ = {isa = PBXBuildFile; fileRef = 7521297129EC800300489E62 /* Modifier.swift */; };
		7521297429EC810400489E62 /* SettingsVM.swift in Sources */ = {isa = PBXBuildFile; fileRef = 7521297329EC810400489E62 /* SettingsVM.swift */; };
		7521297629EC811600489E62 /* ColorView.swift in Sources */ = {isa = PBXBuildFile; fileRef = 7521297529EC811600489E62 /* ColorView.swift */; };
		7521297829EC81F600489E62 /* PlantView.swift in Sources */ = {isa = PBXBuildFile; fileRef = 7521297729EC81F600489E62 /* PlantView.swift */; };
		7521297A29EC82D300489E62 /* GrowingPlantView.swift in Sources */ = {isa = PBXBuildFile; fileRef = 7521297929EC82D300489E62 /* GrowingPlantView.swift */; };
		7581ED6A29EABA4B0040425A /* Shake.swift in Sources */ = {isa = PBXBuildFile; fileRef = 7581ED6929EABA4B0040425A /* Shake.swift */; };
		7581ED6C29EAC1350040425A /* Enums.swift in Sources */ = {isa = PBXBuildFile; fileRef = 7581ED6B29EAC1350040425A /* Enums.swift */; };
		7581ED6E29EAD6FE0040425A /* SettingsView.swift in Sources */ = {isa = PBXBuildFile; fileRef = 7581ED6D29EAD6FE0040425A /* SettingsView.swift */; };
		758646C729FFFBCD0012F285 /* BranchTestView.swift in Sources */ = {isa = PBXBuildFile; fileRef = 758646C629FFFBCD0012F285 /* BranchTestView.swift */; };
		759D00452A0033CB0003EA21 /* WidthPointTest.swift in Sources */ = {isa = PBXBuildFile; fileRef = 759D00442A0033CB0003EA21 /* WidthPointTest.swift */; };
		759D00472A003BDF0003EA21 /* WidthPointTestView.swift in Sources */ = {isa = PBXBuildFile; fileRef = 759D00462A003BDF0003EA21 /* WidthPointTestView.swift */; };
		759D00492A004A7F0003EA21 /* EndPointTestView.swift in Sources */ = {isa = PBXBuildFile; fileRef = 759D00482A004A7F0003EA21 /* EndPointTestView.swift */; };
		759D004D2A0062600003EA21 /* GradientTestView.swift in Sources */ = {isa = PBXBuildFile; fileRef = 759D004C2A0062600003EA21 /* GradientTestView.swift */; };
		759F514329E4484D00FA3FE8 /* PlantApp.swift in Sources */ = {isa = PBXBuildFile; fileRef = 759F514229E4484D00FA3FE8 /* PlantApp.swift */; };
		759F514529E4484D00FA3FE8 /* ContentView.swift in Sources */ = {isa = PBXBuildFile; fileRef = 759F514429E4484D00FA3FE8 /* ContentView.swift */; };
		759F514729E4484D00FA3FE8 /* Assets.xcassets in Resources */ = {isa = PBXBuildFile; fileRef = 759F514629E4484D00FA3FE8 /* Assets.xcassets */; };
		759F514A29E4484D00FA3FE8 /* Preview Assets.xcassets in Resources */ = {isa = PBXBuildFile; fileRef = 759F514929E4484D00FA3FE8 /* Preview Assets.xcassets */; };
		759F515429E4484D00FA3FE8 /* PlantTests.swift in Sources */ = {isa = PBXBuildFile; fileRef = 759F515329E4484D00FA3FE8 /* PlantTests.swift */; };
		759F515E29E4484E00FA3FE8 /* PlantUITests.swift in Sources */ = {isa = PBXBuildFile; fileRef = 759F515D29E4484E00FA3FE8 /* PlantUITests.swift */; };
		759F516029E4484E00FA3FE8 /* PlantUITestsLaunchTests.swift in Sources */ = {isa = PBXBuildFile; fileRef = 759F515F29E4484E00FA3FE8 /* PlantUITestsLaunchTests.swift */; };
		759F516D29E4488000FA3FE8 /* PlantVM.swift in Sources */ = {isa = PBXBuildFile; fileRef = 759F516C29E4488000FA3FE8 /* PlantVM.swift */; };
		759F516F29E4489B00FA3FE8 /* Branch.swift in Sources */ = {isa = PBXBuildFile; fileRef = 759F516E29E4489B00FA3FE8 /* Branch.swift */; };
		759F517129E448AE00FA3FE8 /* RadianCircle.swift in Sources */ = {isa = PBXBuildFile; fileRef = 759F517029E448AE00FA3FE8 /* RadianCircle.swift */; };
		759F517329E448BE00FA3FE8 /* MotionManager.swift in Sources */ = {isa = PBXBuildFile; fileRef = 759F517229E448BE00FA3FE8 /* MotionManager.swift */; };
		759F517529E448D300FA3FE8 /* BranchView.swift in Sources */ = {isa = PBXBuildFile; fileRef = 759F517429E448D300FA3FE8 /* BranchView.swift */; };
		759F517929E448FC00FA3FE8 /* RadianTest.swift in Sources */ = {isa = PBXBuildFile; fileRef = 759F517829E448FC00FA3FE8 /* RadianTest.swift */; };
		759F517B29E4491B00FA3FE8 /* EndPointTest.swift in Sources */ = {isa = PBXBuildFile; fileRef = 759F517A29E4491B00FA3FE8 /* EndPointTest.swift */; };
		75B86E7A29FFCCD50035BA4E /* BranchShape.swift in Sources */ = {isa = PBXBuildFile; fileRef = 75B86E7929FFCCD50035BA4E /* BranchShape.swift */; };
		75E1281229EC0BFF0000DA6A /* HSB.swift in Sources */ = {isa = PBXBuildFile; fileRef = 75E1281129EC0BFF0000DA6A /* HSB.swift */; };
/* End PBXBuildFile section */

/* Begin PBXContainerItemProxy section */
		759F515029E4484D00FA3FE8 /* PBXContainerItemProxy */ = {
			isa = PBXContainerItemProxy;
			containerPortal = 759F513729E4484D00FA3FE8 /* Project object */;
			proxyType = 1;
			remoteGlobalIDString = 759F513E29E4484D00FA3FE8;
			remoteInfo = Plant;
		};
		759F515A29E4484E00FA3FE8 /* PBXContainerItemProxy */ = {
			isa = PBXContainerItemProxy;
			containerPortal = 759F513729E4484D00FA3FE8 /* Project object */;
			proxyType = 1;
			remoteGlobalIDString = 759F513E29E4484D00FA3FE8;
			remoteInfo = Plant;
		};
/* End PBXContainerItemProxy section */

/* Begin PBXFileReference section */
		750F962E29FA89B700598B96 /* FormView.swift */ = {isa = PBXFileReference; lastKnownFileType = sourcecode.swift; path = FormView.swift; sourceTree = "<group>"; };
		7521296729EC7E4900489E62 /* TimesView.swift */ = {isa = PBXFileReference; lastKnownFileType = sourcecode.swift; path = TimesView.swift; sourceTree = "<group>"; };
		7521296D29EC7EA400489E62 /* GrowingView.swift */ = {isa = PBXFileReference; lastKnownFileType = sourcecode.swift; path = GrowingView.swift; sourceTree = "<group>"; };
		7521296F29EC7EFB00489E62 /* SliderBuilder.swift */ = {isa = PBXFileReference; lastKnownFileType = sourcecode.swift; path = SliderBuilder.swift; sourceTree = "<group>"; };
		7521297129EC800300489E62 /* Modifier.swift */ = {isa = PBXFileReference; lastKnownFileType = sourcecode.swift; path = Modifier.swift; sourceTree = "<group>"; };
		7521297329EC810400489E62 /* SettingsVM.swift */ = {isa = PBXFileReference; lastKnownFileType = sourcecode.swift; path = SettingsVM.swift; sourceTree = "<group>"; };
		7521297529EC811600489E62 /* ColorView.swift */ = {isa = PBXFileReference; lastKnownFileType = sourcecode.swift; path = ColorView.swift; sourceTree = "<group>"; };
		7521297729EC81F600489E62 /* PlantView.swift */ = {isa = PBXFileReference; lastKnownFileType = sourcecode.swift; path = PlantView.swift; sourceTree = "<group>"; };
		7521297929EC82D300489E62 /* GrowingPlantView.swift */ = {isa = PBXFileReference; lastKnownFileType = sourcecode.swift; path = GrowingPlantView.swift; sourceTree = "<group>"; };
		7581ED6929EABA4B0040425A /* Shake.swift */ = {isa = PBXFileReference; lastKnownFileType = sourcecode.swift; path = Shake.swift; sourceTree = "<group>"; };
		7581ED6B29EAC1350040425A /* Enums.swift */ = {isa = PBXFileReference; lastKnownFileType = sourcecode.swift; path = Enums.swift; sourceTree = "<group>"; };
		7581ED6D29EAD6FE0040425A /* SettingsView.swift */ = {isa = PBXFileReference; lastKnownFileType = sourcecode.swift; path = SettingsView.swift; sourceTree = "<group>"; };
		758646C629FFFBCD0012F285 /* BranchTestView.swift */ = {isa = PBXFileReference; lastKnownFileType = sourcecode.swift; path = BranchTestView.swift; sourceTree = "<group>"; };
		759D00442A0033CB0003EA21 /* WidthPointTest.swift */ = {isa = PBXFileReference; lastKnownFileType = sourcecode.swift; path = WidthPointTest.swift; sourceTree = "<group>"; };
		759D00462A003BDF0003EA21 /* WidthPointTestView.swift */ = {isa = PBXFileReference; lastKnownFileType = sourcecode.swift; path = WidthPointTestView.swift; sourceTree = "<group>"; };
		759D00482A004A7F0003EA21 /* EndPointTestView.swift */ = {isa = PBXFileReference; lastKnownFileType = sourcecode.swift; path = EndPointTestView.swift; sourceTree = "<group>"; };
		759D004C2A0062600003EA21 /* GradientTestView.swift */ = {isa = PBXFileReference; lastKnownFileType = sourcecode.swift; path = GradientTestView.swift; sourceTree = "<group>"; };
		759F513F29E4484D00FA3FE8 /* Plant.app */ = {isa = PBXFileReference; explicitFileType = wrapper.application; includeInIndex = 0; path = Plant.app; sourceTree = BUILT_PRODUCTS_DIR; };
		759F514229E4484D00FA3FE8 /* PlantApp.swift */ = {isa = PBXFileReference; lastKnownFileType = sourcecode.swift; path = PlantApp.swift; sourceTree = "<group>"; };
		759F514429E4484D00FA3FE8 /* ContentView.swift */ = {isa = PBXFileReference; lastKnownFileType = sourcecode.swift; path = ContentView.swift; sourceTree = "<group>"; };
		759F514629E4484D00FA3FE8 /* Assets.xcassets */ = {isa = PBXFileReference; lastKnownFileType = folder.assetcatalog; path = Assets.xcassets; sourceTree = "<group>"; };
		759F514929E4484D00FA3FE8 /* Preview Assets.xcassets */ = {isa = PBXFileReference; lastKnownFileType = folder.assetcatalog; path = "Preview Assets.xcassets"; sourceTree = "<group>"; };
		759F514F29E4484D00FA3FE8 /* PlantTests.xctest */ = {isa = PBXFileReference; explicitFileType = wrapper.cfbundle; includeInIndex = 0; path = PlantTests.xctest; sourceTree = BUILT_PRODUCTS_DIR; };
		759F515329E4484D00FA3FE8 /* PlantTests.swift */ = {isa = PBXFileReference; lastKnownFileType = sourcecode.swift; path = PlantTests.swift; sourceTree = "<group>"; };
		759F515929E4484E00FA3FE8 /* PlantUITests.xctest */ = {isa = PBXFileReference; explicitFileType = wrapper.cfbundle; includeInIndex = 0; path = PlantUITests.xctest; sourceTree = BUILT_PRODUCTS_DIR; };
		759F515D29E4484E00FA3FE8 /* PlantUITests.swift */ = {isa = PBXFileReference; lastKnownFileType = sourcecode.swift; path = PlantUITests.swift; sourceTree = "<group>"; };
		759F515F29E4484E00FA3FE8 /* PlantUITestsLaunchTests.swift */ = {isa = PBXFileReference; lastKnownFileType = sourcecode.swift; path = PlantUITestsLaunchTests.swift; sourceTree = "<group>"; };
		759F516C29E4488000FA3FE8 /* PlantVM.swift */ = {isa = PBXFileReference; lastKnownFileType = sourcecode.swift; path = PlantVM.swift; sourceTree = "<group>"; };
		759F516E29E4489B00FA3FE8 /* Branch.swift */ = {isa = PBXFileReference; lastKnownFileType = sourcecode.swift; path = Branch.swift; sourceTree = "<group>"; };
		759F517029E448AE00FA3FE8 /* RadianCircle.swift */ = {isa = PBXFileReference; lastKnownFileType = sourcecode.swift; path = RadianCircle.swift; sourceTree = "<group>"; };
		759F517229E448BE00FA3FE8 /* MotionManager.swift */ = {isa = PBXFileReference; lastKnownFileType = sourcecode.swift; path = MotionManager.swift; sourceTree = "<group>"; };
		759F517429E448D300FA3FE8 /* BranchView.swift */ = {isa = PBXFileReference; lastKnownFileType = sourcecode.swift; path = BranchView.swift; sourceTree = "<group>"; };
		759F517829E448FC00FA3FE8 /* RadianTest.swift */ = {isa = PBXFileReference; lastKnownFileType = sourcecode.swift; path = RadianTest.swift; sourceTree = "<group>"; };
		759F517A29E4491B00FA3FE8 /* EndPointTest.swift */ = {isa = PBXFileReference; lastKnownFileType = sourcecode.swift; path = EndPointTest.swift; sourceTree = "<group>"; };
		75B86E7929FFCCD50035BA4E /* BranchShape.swift */ = {isa = PBXFileReference; lastKnownFileType = sourcecode.swift; path = BranchShape.swift; sourceTree = "<group>"; };
		75E1281129EC0BFF0000DA6A /* HSB.swift */ = {isa = PBXFileReference; lastKnownFileType = sourcecode.swift; path = HSB.swift; sourceTree = "<group>"; };
/* End PBXFileReference section */

/* Begin PBXFrameworksBuildPhase section */
		759F513C29E4484D00FA3FE8 /* Frameworks */ = {
			isa = PBXFrameworksBuildPhase;
			buildActionMask = 2147483647;
			files = (
			);
			runOnlyForDeploymentPostprocessing = 0;
		};
		759F514C29E4484D00FA3FE8 /* Frameworks */ = {
			isa = PBXFrameworksBuildPhase;
			buildActionMask = 2147483647;
			files = (
			);
			runOnlyForDeploymentPostprocessing = 0;
		};
		759F515629E4484E00FA3FE8 /* Frameworks */ = {
			isa = PBXFrameworksBuildPhase;
			buildActionMask = 2147483647;
			files = (
			);
			runOnlyForDeploymentPostprocessing = 0;
		};
/* End PBXFrameworksBuildPhase section */

/* Begin PBXGroup section */
		7521296629EC7E3300489E62 /* Settings */ = {
			isa = PBXGroup;
			children = (
				7521297329EC810400489E62 /* SettingsVM.swift */,
				7581ED6D29EAD6FE0040425A /* SettingsView.swift */,
				7581ED6B29EAC1350040425A /* Enums.swift */,
				7521297B29EC832A00489E62 /* areas */,
			);
			path = Settings;
			sourceTree = "<group>";
		};
		7521297B29EC832A00489E62 /* areas */ = {
			isa = PBXGroup;
			children = (
				7521296729EC7E4900489E62 /* TimesView.swift */,
				7521296D29EC7EA400489E62 /* GrowingView.swift */,
				750F962E29FA89B700598B96 /* FormView.swift */,
				7521297529EC811600489E62 /* ColorView.swift */,
			);
			path = areas;
			sourceTree = "<group>";
		};
		7521297C29EC847B00489E62 /* Plant */ = {
			isa = PBXGroup;
			children = (
				759F516C29E4488000FA3FE8 /* PlantVM.swift */,
				7521297929EC82D300489E62 /* GrowingPlantView.swift */,
				7521297729EC81F600489E62 /* PlantView.swift */,
				759F517D29E4680300FA3FE8 /* Branch */,
			);
			path = Plant;
			sourceTree = "<group>";
		};
		759D004E2A0062700003EA21 /* Logic */ = {
			isa = PBXGroup;
			children = (
				759F517A29E4491B00FA3FE8 /* EndPointTest.swift */,
				759F517829E448FC00FA3FE8 /* RadianTest.swift */,
				759D00442A0033CB0003EA21 /* WidthPointTest.swift */,
			);
			path = Logic;
			sourceTree = "<group>";
		};
		759D004F2A0062810003EA21 /* Views */ = {
			isa = PBXGroup;
			children = (
				758646C629FFFBCD0012F285 /* BranchTestView.swift */,
				759D00462A003BDF0003EA21 /* WidthPointTestView.swift */,
				759D00482A004A7F0003EA21 /* EndPointTestView.swift */,
				759D004C2A0062600003EA21 /* GradientTestView.swift */,
			);
			path = Views;
			sourceTree = "<group>";
		};
		759F513629E4484D00FA3FE8 = {
			isa = PBXGroup;
			children = (
				759F514129E4484D00FA3FE8 /* Plant */,
				759F515229E4484D00FA3FE8 /* PlantTests */,
				759F515C29E4484E00FA3FE8 /* PlantUITests */,
				759F514029E4484D00FA3FE8 /* Products */,
			);
			sourceTree = "<group>";
		};
		759F514029E4484D00FA3FE8 /* Products */ = {
			isa = PBXGroup;
			children = (
				759F513F29E4484D00FA3FE8 /* Plant.app */,
				759F514F29E4484D00FA3FE8 /* PlantTests.xctest */,
				759F515929E4484E00FA3FE8 /* PlantUITests.xctest */,
			);
			name = Products;
			sourceTree = "<group>";
		};
		759F514129E4484D00FA3FE8 /* Plant */ = {
			isa = PBXGroup;
			children = (
				759F514629E4484D00FA3FE8 /* Assets.xcassets */,
				759F514229E4484D00FA3FE8 /* PlantApp.swift */,
				759F514429E4484D00FA3FE8 /* ContentView.swift */,
				7521296629EC7E3300489E62 /* Settings */,
				7521297C29EC847B00489E62 /* Plant */,
				759F517C29E467F700FA3FE8 /* Assistance */,
				759F514829E4484D00FA3FE8 /* Preview Content */,
			);
			path = Plant;
			sourceTree = "<group>";
		};
		759F514829E4484D00FA3FE8 /* Preview Content */ = {
			isa = PBXGroup;
			children = (
				759F514929E4484D00FA3FE8 /* Preview Assets.xcassets */,
			);
			path = "Preview Content";
			sourceTree = "<group>";
		};
		759F515229E4484D00FA3FE8 /* PlantTests */ = {
			isa = PBXGroup;
			children = (
				759F515329E4484D00FA3FE8 /* PlantTests.swift */,
				759D004F2A0062810003EA21 /* Views */,
				759D004E2A0062700003EA21 /* Logic */,
			);
			path = PlantTests;
			sourceTree = "<group>";
		};
		759F515C29E4484E00FA3FE8 /* PlantUITests */ = {
			isa = PBXGroup;
			children = (
				759F515D29E4484E00FA3FE8 /* PlantUITests.swift */,
				759F515F29E4484E00FA3FE8 /* PlantUITestsLaunchTests.swift */,
			);
			path = PlantUITests;
			sourceTree = "<group>";
		};
		759F517C29E467F700FA3FE8 /* Assistance */ = {
			isa = PBXGroup;
			children = (
				759F517029E448AE00FA3FE8 /* RadianCircle.swift */,
				759F517229E448BE00FA3FE8 /* MotionManager.swift */,
				7581ED6929EABA4B0040425A /* Shake.swift */,
				7521296F29EC7EFB00489E62 /* SliderBuilder.swift */,
				7521297129EC800300489E62 /* Modifier.swift */,
			);
			path = Assistance;
			sourceTree = "<group>";
		};
		759F517D29E4680300FA3FE8 /* Branch */ = {
			isa = PBXGroup;
			children = (
				759F516E29E4489B00FA3FE8 /* Branch.swift */,
				75B86E7929FFCCD50035BA4E /* BranchShape.swift */,
				759F517429E448D300FA3FE8 /* BranchView.swift */,
				75E1281129EC0BFF0000DA6A /* HSB.swift */,
			);
			path = Branch;
			sourceTree = "<group>";
		};
/* End PBXGroup section */

/* Begin PBXNativeTarget section */
		759F513E29E4484D00FA3FE8 /* Plant */ = {
			isa = PBXNativeTarget;
			buildConfigurationList = 759F516329E4484E00FA3FE8 /* Build configuration list for PBXNativeTarget "Plant" */;
			buildPhases = (
				759F513B29E4484D00FA3FE8 /* Sources */,
				759F513C29E4484D00FA3FE8 /* Frameworks */,
				759F513D29E4484D00FA3FE8 /* Resources */,
			);
			buildRules = (
			);
			dependencies = (
			);
			name = Plant;
			productName = Plant;
			productReference = 759F513F29E4484D00FA3FE8 /* Plant.app */;
			productType = "com.apple.product-type.application";
		};
		759F514E29E4484D00FA3FE8 /* PlantTests */ = {
			isa = PBXNativeTarget;
			buildConfigurationList = 759F516629E4484E00FA3FE8 /* Build configuration list for PBXNativeTarget "PlantTests" */;
			buildPhases = (
				759F514B29E4484D00FA3FE8 /* Sources */,
				759F514C29E4484D00FA3FE8 /* Frameworks */,
				759F514D29E4484D00FA3FE8 /* Resources */,
			);
			buildRules = (
			);
			dependencies = (
				759F515129E4484D00FA3FE8 /* PBXTargetDependency */,
			);
			name = PlantTests;
			productName = PlantTests;
			productReference = 759F514F29E4484D00FA3FE8 /* PlantTests.xctest */;
			productType = "com.apple.product-type.bundle.unit-test";
		};
		759F515829E4484E00FA3FE8 /* PlantUITests */ = {
			isa = PBXNativeTarget;
			buildConfigurationList = 759F516929E4484E00FA3FE8 /* Build configuration list for PBXNativeTarget "PlantUITests" */;
			buildPhases = (
				759F515529E4484E00FA3FE8 /* Sources */,
				759F515629E4484E00FA3FE8 /* Frameworks */,
				759F515729E4484E00FA3FE8 /* Resources */,
			);
			buildRules = (
			);
			dependencies = (
				759F515B29E4484E00FA3FE8 /* PBXTargetDependency */,
			);
			name = PlantUITests;
			productName = PlantUITests;
			productReference = 759F515929E4484E00FA3FE8 /* PlantUITests.xctest */;
			productType = "com.apple.product-type.bundle.ui-testing";
		};
/* End PBXNativeTarget section */

/* Begin PBXProject section */
		759F513729E4484D00FA3FE8 /* Project object */ = {
			isa = PBXProject;
			attributes = {
				BuildIndependentTargetsInParallel = 1;
				LastSwiftUpdateCheck = 1420;
				LastUpgradeCheck = 1420;
				TargetAttributes = {
					759F513E29E4484D00FA3FE8 = {
						CreatedOnToolsVersion = 14.2;
					};
					759F514E29E4484D00FA3FE8 = {
						CreatedOnToolsVersion = 14.2;
						TestTargetID = 759F513E29E4484D00FA3FE8;
					};
					759F515829E4484E00FA3FE8 = {
						CreatedOnToolsVersion = 14.2;
						TestTargetID = 759F513E29E4484D00FA3FE8;
					};
				};
			};
			buildConfigurationList = 759F513A29E4484D00FA3FE8 /* Build configuration list for PBXProject "Plant" */;
			compatibilityVersion = "Xcode 14.0";
			developmentRegion = en;
			hasScannedForEncodings = 0;
			knownRegions = (
				en,
				Base,
			);
			mainGroup = 759F513629E4484D00FA3FE8;
			productRefGroup = 759F514029E4484D00FA3FE8 /* Products */;
			projectDirPath = "";
			projectRoot = "";
			targets = (
				759F513E29E4484D00FA3FE8 /* Plant */,
				759F514E29E4484D00FA3FE8 /* PlantTests */,
				759F515829E4484E00FA3FE8 /* PlantUITests */,
			);
		};
/* End PBXProject section */

/* Begin PBXResourcesBuildPhase section */
		759F513D29E4484D00FA3FE8 /* Resources */ = {
			isa = PBXResourcesBuildPhase;
			buildActionMask = 2147483647;
			files = (
				759F514A29E4484D00FA3FE8 /* Preview Assets.xcassets in Resources */,
				759F514729E4484D00FA3FE8 /* Assets.xcassets in Resources */,
			);
			runOnlyForDeploymentPostprocessing = 0;
		};
		759F514D29E4484D00FA3FE8 /* Resources */ = {
			isa = PBXResourcesBuildPhase;
			buildActionMask = 2147483647;
			files = (
			);
			runOnlyForDeploymentPostprocessing = 0;
		};
		759F515729E4484E00FA3FE8 /* Resources */ = {
			isa = PBXResourcesBuildPhase;
			buildActionMask = 2147483647;
			files = (
			);
			runOnlyForDeploymentPostprocessing = 0;
		};
/* End PBXResourcesBuildPhase section */

/* Begin PBXSourcesBuildPhase section */
		759F513B29E4484D00FA3FE8 /* Sources */ = {
			isa = PBXSourcesBuildPhase;
			buildActionMask = 2147483647;
			files = (
				759F514529E4484D00FA3FE8 /* ContentView.swift in Sources */,
				7521297A29EC82D300489E62 /* GrowingPlantView.swift in Sources */,
				758646C729FFFBCD0012F285 /* BranchTestView.swift in Sources */,
				759F517529E448D300FA3FE8 /* BranchView.swift in Sources */,
				7581ED6A29EABA4B0040425A /* Shake.swift in Sources */,
				7521296E29EC7EA400489E62 /* GrowingView.swift in Sources */,
				759F517329E448BE00FA3FE8 /* MotionManager.swift in Sources */,
				75E1281229EC0BFF0000DA6A /* HSB.swift in Sources */,
				75B86E7A29FFCCD50035BA4E /* BranchShape.swift in Sources */,
				759F516F29E4489B00FA3FE8 /* Branch.swift in Sources */,
				759D00472A003BDF0003EA21 /* WidthPointTestView.swift in Sources */,
				7521297629EC811600489E62 /* ColorView.swift in Sources */,
				7521297829EC81F600489E62 /* PlantView.swift in Sources */,
				7581ED6E29EAD6FE0040425A /* SettingsView.swift in Sources */,
				7521297029EC7EFB00489E62 /* SliderBuilder.swift in Sources */,
				759D004D2A0062600003EA21 /* GradientTestView.swift in Sources */,
				750F962F29FA89B700598B96 /* FormView.swift in Sources */,
				759F514329E4484D00FA3FE8 /* PlantApp.swift in Sources */,
				7521297229EC800300489E62 /* Modifier.swift in Sources */,
				759F517129E448AE00FA3FE8 /* RadianCircle.swift in Sources */,
				7581ED6C29EAC1350040425A /* Enums.swift in Sources */,
				759F516D29E4488000FA3FE8 /* PlantVM.swift in Sources */,
				759D00492A004A7F0003EA21 /* EndPointTestView.swift in Sources */,
				7521296829EC7E4900489E62 /* TimesView.swift in Sources */,
				7521297429EC810400489E62 /* SettingsVM.swift in Sources */,
			);
			runOnlyForDeploymentPostprocessing = 0;
		};
		759F514B29E4484D00FA3FE8 /* Sources */ = {
			isa = PBXSourcesBuildPhase;
			buildActionMask = 2147483647;
			files = (
				759F517B29E4491B00FA3FE8 /* EndPointTest.swift in Sources */,
				759D00452A0033CB0003EA21 /* WidthPointTest.swift in Sources */,
				759F517929E448FC00FA3FE8 /* RadianTest.swift in Sources */,
				759F515429E4484D00FA3FE8 /* PlantTests.swift in Sources */,
			);
			runOnlyForDeploymentPostprocessing = 0;
		};
		759F515529E4484E00FA3FE8 /* Sources */ = {
			isa = PBXSourcesBuildPhase;
			buildActionMask = 2147483647;
			files = (
				759F516029E4484E00FA3FE8 /* PlantUITestsLaunchTests.swift in Sources */,
				759F515E29E4484E00FA3FE8 /* PlantUITests.swift in Sources */,
			);
			runOnlyForDeploymentPostprocessing = 0;
		};
/* End PBXSourcesBuildPhase section */

/* Begin PBXTargetDependency section */
		759F515129E4484D00FA3FE8 /* PBXTargetDependency */ = {
			isa = PBXTargetDependency;
			target = 759F513E29E4484D00FA3FE8 /* Plant */;
			targetProxy = 759F515029E4484D00FA3FE8 /* PBXContainerItemProxy */;
		};
		759F515B29E4484E00FA3FE8 /* PBXTargetDependency */ = {
			isa = PBXTargetDependency;
			target = 759F513E29E4484D00FA3FE8 /* Plant */;
			targetProxy = 759F515A29E4484E00FA3FE8 /* PBXContainerItemProxy */;
		};
/* End PBXTargetDependency section */

/* Begin XCBuildConfiguration section */
		759F516129E4484E00FA3FE8 /* Debug */ = {
			isa = XCBuildConfiguration;
			buildSettings = {
				ALWAYS_SEARCH_USER_PATHS = NO;
				CLANG_ANALYZER_NONNULL = YES;
				CLANG_ANALYZER_NUMBER_OBJECT_CONVERSION = YES_AGGRESSIVE;
				CLANG_CXX_LANGUAGE_STANDARD = "gnu++20";
				CLANG_ENABLE_MODULES = YES;
				CLANG_ENABLE_OBJC_ARC = YES;
				CLANG_ENABLE_OBJC_WEAK = YES;
				CLANG_WARN_BLOCK_CAPTURE_AUTORELEASING = YES;
				CLANG_WARN_BOOL_CONVERSION = YES;
				CLANG_WARN_COMMA = YES;
				CLANG_WARN_CONSTANT_CONVERSION = YES;
				CLANG_WARN_DEPRECATED_OBJC_IMPLEMENTATIONS = YES;
				CLANG_WARN_DIRECT_OBJC_ISA_USAGE = YES_ERROR;
				CLANG_WARN_DOCUMENTATION_COMMENTS = YES;
				CLANG_WARN_EMPTY_BODY = YES;
				CLANG_WARN_ENUM_CONVERSION = YES;
				CLANG_WARN_INFINITE_RECURSION = YES;
				CLANG_WARN_INT_CONVERSION = YES;
				CLANG_WARN_NON_LITERAL_NULL_CONVERSION = YES;
				CLANG_WARN_OBJC_IMPLICIT_RETAIN_SELF = YES;
				CLANG_WARN_OBJC_LITERAL_CONVERSION = YES;
				CLANG_WARN_OBJC_ROOT_CLASS = YES_ERROR;
				CLANG_WARN_QUOTED_INCLUDE_IN_FRAMEWORK_HEADER = YES;
				CLANG_WARN_RANGE_LOOP_ANALYSIS = YES;
				CLANG_WARN_STRICT_PROTOTYPES = YES;
				CLANG_WARN_SUSPICIOUS_MOVE = YES;
				CLANG_WARN_UNGUARDED_AVAILABILITY = YES_AGGRESSIVE;
				CLANG_WARN_UNREACHABLE_CODE = YES;
				CLANG_WARN__DUPLICATE_METHOD_MATCH = YES;
				COPY_PHASE_STRIP = NO;
				DEBUG_INFORMATION_FORMAT = dwarf;
				ENABLE_STRICT_OBJC_MSGSEND = YES;
				ENABLE_TESTABILITY = YES;
				GCC_C_LANGUAGE_STANDARD = gnu11;
				GCC_DYNAMIC_NO_PIC = NO;
				GCC_NO_COMMON_BLOCKS = YES;
				GCC_OPTIMIZATION_LEVEL = 0;
				GCC_PREPROCESSOR_DEFINITIONS = (
					"DEBUG=1",
					"$(inherited)",
				);
				GCC_WARN_64_TO_32_BIT_CONVERSION = YES;
				GCC_WARN_ABOUT_RETURN_TYPE = YES_ERROR;
				GCC_WARN_UNDECLARED_SELECTOR = YES;
				GCC_WARN_UNINITIALIZED_AUTOS = YES_AGGRESSIVE;
				GCC_WARN_UNUSED_FUNCTION = YES;
				GCC_WARN_UNUSED_VARIABLE = YES;
				IPHONEOS_DEPLOYMENT_TARGET = 16.2;
				MTL_ENABLE_DEBUG_INFO = INCLUDE_SOURCE;
				MTL_FAST_MATH = YES;
				ONLY_ACTIVE_ARCH = YES;
				SDKROOT = iphoneos;
				SWIFT_ACTIVE_COMPILATION_CONDITIONS = DEBUG;
				SWIFT_OPTIMIZATION_LEVEL = "-Onone";
			};
			name = Debug;
		};
		759F516229E4484E00FA3FE8 /* Release */ = {
			isa = XCBuildConfiguration;
			buildSettings = {
				ALWAYS_SEARCH_USER_PATHS = NO;
				CLANG_ANALYZER_NONNULL = YES;
				CLANG_ANALYZER_NUMBER_OBJECT_CONVERSION = YES_AGGRESSIVE;
				CLANG_CXX_LANGUAGE_STANDARD = "gnu++20";
				CLANG_ENABLE_MODULES = YES;
				CLANG_ENABLE_OBJC_ARC = YES;
				CLANG_ENABLE_OBJC_WEAK = YES;
				CLANG_WARN_BLOCK_CAPTURE_AUTORELEASING = YES;
				CLANG_WARN_BOOL_CONVERSION = YES;
				CLANG_WARN_COMMA = YES;
				CLANG_WARN_CONSTANT_CONVERSION = YES;
				CLANG_WARN_DEPRECATED_OBJC_IMPLEMENTATIONS = YES;
				CLANG_WARN_DIRECT_OBJC_ISA_USAGE = YES_ERROR;
				CLANG_WARN_DOCUMENTATION_COMMENTS = YES;
				CLANG_WARN_EMPTY_BODY = YES;
				CLANG_WARN_ENUM_CONVERSION = YES;
				CLANG_WARN_INFINITE_RECURSION = YES;
				CLANG_WARN_INT_CONVERSION = YES;
				CLANG_WARN_NON_LITERAL_NULL_CONVERSION = YES;
				CLANG_WARN_OBJC_IMPLICIT_RETAIN_SELF = YES;
				CLANG_WARN_OBJC_LITERAL_CONVERSION = YES;
				CLANG_WARN_OBJC_ROOT_CLASS = YES_ERROR;
				CLANG_WARN_QUOTED_INCLUDE_IN_FRAMEWORK_HEADER = YES;
				CLANG_WARN_RANGE_LOOP_ANALYSIS = YES;
				CLANG_WARN_STRICT_PROTOTYPES = YES;
				CLANG_WARN_SUSPICIOUS_MOVE = YES;
				CLANG_WARN_UNGUARDED_AVAILABILITY = YES_AGGRESSIVE;
				CLANG_WARN_UNREACHABLE_CODE = YES;
				CLANG_WARN__DUPLICATE_METHOD_MATCH = YES;
				COPY_PHASE_STRIP = NO;
				DEBUG_INFORMATION_FORMAT = "dwarf-with-dsym";
				ENABLE_NS_ASSERTIONS = NO;
				ENABLE_STRICT_OBJC_MSGSEND = YES;
				GCC_C_LANGUAGE_STANDARD = gnu11;
				GCC_NO_COMMON_BLOCKS = YES;
				GCC_WARN_64_TO_32_BIT_CONVERSION = YES;
				GCC_WARN_ABOUT_RETURN_TYPE = YES_ERROR;
				GCC_WARN_UNDECLARED_SELECTOR = YES;
				GCC_WARN_UNINITIALIZED_AUTOS = YES_AGGRESSIVE;
				GCC_WARN_UNUSED_FUNCTION = YES;
				GCC_WARN_UNUSED_VARIABLE = YES;
				IPHONEOS_DEPLOYMENT_TARGET = 16.2;
				MTL_ENABLE_DEBUG_INFO = NO;
				MTL_FAST_MATH = YES;
				SDKROOT = iphoneos;
				SWIFT_COMPILATION_MODE = wholemodule;
				SWIFT_OPTIMIZATION_LEVEL = "-O";
				VALIDATE_PRODUCT = YES;
			};
			name = Release;
		};
		759F516429E4484E00FA3FE8 /* Debug */ = {
			isa = XCBuildConfiguration;
			buildSettings = {
				ASSETCATALOG_COMPILER_APPICON_NAME = AppIcon;
				ASSETCATALOG_COMPILER_GLOBAL_ACCENT_COLOR_NAME = AccentColor;
				CODE_SIGN_STYLE = Automatic;
				CURRENT_PROJECT_VERSION = 1;
				DEVELOPMENT_ASSET_PATHS = "\"Plant/Preview Content\"";
				DEVELOPMENT_TEAM = 39M988G5YW;
				ENABLE_PREVIEWS = YES;
				GENERATE_INFOPLIST_FILE = YES;
				INFOPLIST_KEY_UIApplicationSceneManifest_Generation = YES;
				INFOPLIST_KEY_UIApplicationSupportsIndirectInputEvents = YES;
				INFOPLIST_KEY_UILaunchScreen_Generation = YES;
				INFOPLIST_KEY_UISupportedInterfaceOrientations_iPad = "UIInterfaceOrientationPortrait UIInterfaceOrientationPortraitUpsideDown UIInterfaceOrientationLandscapeLeft UIInterfaceOrientationLandscapeRight";
				INFOPLIST_KEY_UISupportedInterfaceOrientations_iPhone = "UIInterfaceOrientationPortrait UIInterfaceOrientationLandscapeLeft UIInterfaceOrientationLandscapeRight";
				IPHONEOS_DEPLOYMENT_TARGET = 16.2;
				LD_RUNPATH_SEARCH_PATHS = (
					"$(inherited)",
					"@executable_path/Frameworks",
				);
				MARKETING_VERSION = 1.0;
				PRODUCT_BUNDLE_IDENTIFIER = jonaswallmann.com.Plant;
				PRODUCT_NAME = "$(TARGET_NAME)";
				SWIFT_EMIT_LOC_STRINGS = YES;
				SWIFT_VERSION = 5.0;
				TARGETED_DEVICE_FAMILY = "1,2";
			};
			name = Debug;
		};
		759F516529E4484E00FA3FE8 /* Release */ = {
			isa = XCBuildConfiguration;
			buildSettings = {
				ASSETCATALOG_COMPILER_APPICON_NAME = AppIcon;
				ASSETCATALOG_COMPILER_GLOBAL_ACCENT_COLOR_NAME = AccentColor;
				CODE_SIGN_STYLE = Automatic;
				CURRENT_PROJECT_VERSION = 1;
				DEVELOPMENT_ASSET_PATHS = "\"Plant/Preview Content\"";
				DEVELOPMENT_TEAM = 39M988G5YW;
				ENABLE_PREVIEWS = YES;
				GENERATE_INFOPLIST_FILE = YES;
				INFOPLIST_KEY_UIApplicationSceneManifest_Generation = YES;
				INFOPLIST_KEY_UIApplicationSupportsIndirectInputEvents = YES;
				INFOPLIST_KEY_UILaunchScreen_Generation = YES;
				INFOPLIST_KEY_UISupportedInterfaceOrientations_iPad = "UIInterfaceOrientationPortrait UIInterfaceOrientationPortraitUpsideDown UIInterfaceOrientationLandscapeLeft UIInterfaceOrientationLandscapeRight";
				INFOPLIST_KEY_UISupportedInterfaceOrientations_iPhone = "UIInterfaceOrientationPortrait UIInterfaceOrientationLandscapeLeft UIInterfaceOrientationLandscapeRight";
				IPHONEOS_DEPLOYMENT_TARGET = 16.2;
				LD_RUNPATH_SEARCH_PATHS = (
					"$(inherited)",
					"@executable_path/Frameworks",
				);
				MARKETING_VERSION = 1.0;
				PRODUCT_BUNDLE_IDENTIFIER = jonaswallmann.com.Plant;
				PRODUCT_NAME = "$(TARGET_NAME)";
				SWIFT_EMIT_LOC_STRINGS = YES;
				SWIFT_VERSION = 5.0;
				TARGETED_DEVICE_FAMILY = "1,2";
			};
			name = Release;
		};
		759F516729E4484E00FA3FE8 /* Debug */ = {
			isa = XCBuildConfiguration;
			buildSettings = {
				ALWAYS_EMBED_SWIFT_STANDARD_LIBRARIES = YES;
				BUNDLE_LOADER = "$(TEST_HOST)";
				CODE_SIGN_STYLE = Automatic;
				CURRENT_PROJECT_VERSION = 1;
				DEVELOPMENT_TEAM = 39M988G5YW;
				GENERATE_INFOPLIST_FILE = YES;
				IPHONEOS_DEPLOYMENT_TARGET = 16.2;
				MARKETING_VERSION = 1.0;
				PRODUCT_BUNDLE_IDENTIFIER = jonaswallmann.com.PlantTests;
				PRODUCT_NAME = "$(TARGET_NAME)";
				SWIFT_EMIT_LOC_STRINGS = NO;
				SWIFT_VERSION = 5.0;
				TARGETED_DEVICE_FAMILY = "1,2";
				TEST_HOST = "$(BUILT_PRODUCTS_DIR)/Plant.app/$(BUNDLE_EXECUTABLE_FOLDER_PATH)/Plant";
			};
			name = Debug;
		};
		759F516829E4484E00FA3FE8 /* Release */ = {
			isa = XCBuildConfiguration;
			buildSettings = {
				ALWAYS_EMBED_SWIFT_STANDARD_LIBRARIES = YES;
				BUNDLE_LOADER = "$(TEST_HOST)";
				CODE_SIGN_STYLE = Automatic;
				CURRENT_PROJECT_VERSION = 1;
				DEVELOPMENT_TEAM = 39M988G5YW;
				GENERATE_INFOPLIST_FILE = YES;
				IPHONEOS_DEPLOYMENT_TARGET = 16.2;
				MARKETING_VERSION = 1.0;
				PRODUCT_BUNDLE_IDENTIFIER = jonaswallmann.com.PlantTests;
				PRODUCT_NAME = "$(TARGET_NAME)";
				SWIFT_EMIT_LOC_STRINGS = NO;
				SWIFT_VERSION = 5.0;
				TARGETED_DEVICE_FAMILY = "1,2";
				TEST_HOST = "$(BUILT_PRODUCTS_DIR)/Plant.app/$(BUNDLE_EXECUTABLE_FOLDER_PATH)/Plant";
			};
			name = Release;
		};
		759F516A29E4484E00FA3FE8 /* Debug */ = {
			isa = XCBuildConfiguration;
			buildSettings = {
				ALWAYS_EMBED_SWIFT_STANDARD_LIBRARIES = YES;
				CODE_SIGN_STYLE = Automatic;
				CURRENT_PROJECT_VERSION = 1;
				DEVELOPMENT_TEAM = 39M988G5YW;
				GENERATE_INFOPLIST_FILE = YES;
				MARKETING_VERSION = 1.0;
				PRODUCT_BUNDLE_IDENTIFIER = jonaswallmann.com.PlantUITests;
				PRODUCT_NAME = "$(TARGET_NAME)";
				SWIFT_EMIT_LOC_STRINGS = NO;
				SWIFT_VERSION = 5.0;
				TARGETED_DEVICE_FAMILY = "1,2";
				TEST_TARGET_NAME = Plant;
			};
			name = Debug;
		};
		759F516B29E4484E00FA3FE8 /* Release */ = {
			isa = XCBuildConfiguration;
			buildSettings = {
				ALWAYS_EMBED_SWIFT_STANDARD_LIBRARIES = YES;
				CODE_SIGN_STYLE = Automatic;
				CURRENT_PROJECT_VERSION = 1;
				DEVELOPMENT_TEAM = 39M988G5YW;
				GENERATE_INFOPLIST_FILE = YES;
				MARKETING_VERSION = 1.0;
				PRODUCT_BUNDLE_IDENTIFIER = jonaswallmann.com.PlantUITests;
				PRODUCT_NAME = "$(TARGET_NAME)";
				SWIFT_EMIT_LOC_STRINGS = NO;
				SWIFT_VERSION = 5.0;
				TARGETED_DEVICE_FAMILY = "1,2";
				TEST_TARGET_NAME = Plant;
			};
			name = Release;
		};
/* End XCBuildConfiguration section */

/* Begin XCConfigurationList section */
		759F513A29E4484D00FA3FE8 /* Build configuration list for PBXProject "Plant" */ = {
			isa = XCConfigurationList;
			buildConfigurations = (
				759F516129E4484E00FA3FE8 /* Debug */,
				759F516229E4484E00FA3FE8 /* Release */,
			);
			defaultConfigurationIsVisible = 0;
			defaultConfigurationName = Release;
		};
		759F516329E4484E00FA3FE8 /* Build configuration list for PBXNativeTarget "Plant" */ = {
			isa = XCConfigurationList;
			buildConfigurations = (
				759F516429E4484E00FA3FE8 /* Debug */,
				759F516529E4484E00FA3FE8 /* Release */,
			);
			defaultConfigurationIsVisible = 0;
			defaultConfigurationName = Release;
		};
		759F516629E4484E00FA3FE8 /* Build configuration list for PBXNativeTarget "PlantTests" */ = {
			isa = XCConfigurationList;
			buildConfigurations = (
				759F516729E4484E00FA3FE8 /* Debug */,
				759F516829E4484E00FA3FE8 /* Release */,
			);
			defaultConfigurationIsVisible = 0;
			defaultConfigurationName = Release;
		};
		759F516929E4484E00FA3FE8 /* Build configuration list for PBXNativeTarget "PlantUITests" */ = {
			isa = XCConfigurationList;
			buildConfigurations = (
				759F516A29E4484E00FA3FE8 /* Debug */,
				759F516B29E4484E00FA3FE8 /* Release */,
			);
			defaultConfigurationIsVisible = 0;
			defaultConfigurationName = Release;
		};
/* End XCConfigurationList section */
	};
	rootObject = 759F513729E4484D00FA3FE8 /* Project object */;
}
